
Microsoft Visual Studio Solution File, Format Version 12.00
# Visual Studio Version 17
VisualStudioVersion = 17.3.32929.385
MinimumVisualStudioVersion = 10.0.40219.1
Project("{FAE04EC0-301F-11D3-BF4B-00C04F79EFBC}") = "Entities", "Entities\Entities.csproj", "{08D54D71-63C3-4F8E-BA7E-BE3325896E38}"
EndProject
Project("{FAE04EC0-301F-11D3-BF4B-00C04F79EFBC}") = "Infrastructure", "Infrastructure\Infrastructure.csproj", "{5E082963-F663-49DA-B0F2-9526436DD247}"
EndProject
Project("{FAE04EC0-301F-11D3-BF4B-00C04F79EFBC}") = "Domain", "Domain\Domain.csproj", "{6212B26D-185D-4E62-A160-618FB9B0088F}"
EndProject
Project("{FAE04EC0-301F-11D3-BF4B-00C04F79EFBC}") = "WebAPIs", "WebAPIs\WebAPIs.csproj", "{49F41BBD-2949-4794-9AA1-40F60BFB49A7}"
EndProject
Project("{FAE04EC0-301F-11D3-BF4B-00C04F79EFBC}") = "TestProjectAPI2022", "TestProjectAPI2022\TestProjectAPI2022.csproj", "{4D1FAF0A-E43A-46AF-BFA7-3E72BB2DBA6B}"
EndProject
Global
	GlobalSection(SolutionConfigurationPlatforms) = preSolution
		Debug|Any CPU = Debug|Any CPU
		Release|Any CPU = Release|Any CPU
	EndGlobalSection
	GlobalSection(ProjectConfigurationPlatforms) = postSolution
		{08D54D71-63C3-4F8E-BA7E-BE3325896E38}.Debug|Any CPU.ActiveCfg = Debug|Any CPU
		{08D54D71-63C3-4F8E-BA7E-BE3325896E38}.Debug|Any CPU.Build.0 = Debug|Any CPU
		{08D54D71-63C3-4F8E-BA7E-BE3325896E38}.Release|Any CPU.ActiveCfg = Release|Any CPU
		{08D54D71-63C3-4F8E-BA7E-BE3325896E38}.Release|Any CPU.Build.0 = Release|Any CPU
		{5E082963-F663-49DA-B0F2-9526436DD247}.Debug|Any CPU.ActiveCfg = Debug|Any CPU
		{5E082963-F663-49DA-B0F2-9526436DD247}.Debug|Any CPU.Build.0 = Debug|Any CPU
		{5E082963-F663-49DA-B0F2-9526436DD247}.Release|Any CPU.ActiveCfg = Release|Any CPU
		{5E082963-F663-49DA-B0F2-9526436DD247}.Release|Any CPU.Build.0 = Release|Any CPU
		{6212B26D-185D-4E62-A160-618FB9B0088F}.Debug|Any CPU.ActiveCfg = Debug|Any CPU
		{6212B26D-185D-4E62-A160-618FB9B0088F}.Debug|Any CPU.Build.0 = Debug|Any CPU
		{6212B26D-185D-4E62-A160-618FB9B0088F}.Release|Any CPU.ActiveCfg = Release|Any CPU
		{6212B26D-185D-4E62-A160-618FB9B0088F}.Release|Any CPU.Build.0 = Release|Any CPU
		{49F41BBD-2949-4794-9AA1-40F60BFB49A7}.Debug|Any CPU.ActiveCfg = Debug|Any CPU
		{49F41BBD-2949-4794-9AA1-40F60BFB49A7}.Debug|Any CPU.Build.0 = Debug|Any CPU
		{49F41BBD-2949-4794-9AA1-40F60BFB49A7}.Release|Any CPU.ActiveCfg = Release|Any CPU
		{49F41BBD-2949-4794-9AA1-40F60BFB49A7}.Release|Any CPU.Build.0 = Release|Any CPU
		{4D1FAF0A-E43A-46AF-BFA7-3E72BB2DBA6B}.Debug|Any CPU.ActiveCfg = Debug|Any CPU
		{4D1FAF0A-E43A-46AF-BFA7-3E72BB2DBA6B}.Debug|Any CPU.Build.0 = Debug|Any CPU
		{4D1FAF0A-E43A-46AF-BFA7-3E72BB2DBA6B}.Release|Any CPU.ActiveCfg = Release|Any CPU
		{4D1FAF0A-E43A-46AF-BFA7-3E72BB2DBA6B}.Release|Any CPU.Build.0 = Release|Any CPU
	EndGlobalSection
	GlobalSection(SolutionProperties) = preSolution
		HideSolutionNode = FALSE
	EndGlobalSection
	GlobalSection(ExtensibilityGlobals) = postSolution
		SolutionGuid = {1821431D-48F1-4311-9C58-850C541FB185}
	EndGlobalSection
EndGlobal
